
Microsoft Visual Studio Solution File, Format Version 12.00
# Visual Studio Version 16
VisualStudioVersion = 16.0.31911.196
MinimumVisualStudioVersion = 10.0.40219.1
Project("{FAE04EC0-301F-11D3-BF4B-00C04F79EFBC}") = "Exercise 1", "Exercise 1\Exercise 1.csproj", "{A46EB9C8-F05B-4284-B67D-F3072ECEF5DF}"
EndProject
Global
	GlobalSection(SolutionConfigurationPlatforms) = preSolution
		Debug|Any CPU = Debug|Any CPU
		Release|Any CPU = Release|Any CPU
	EndGlobalSection
	GlobalSection(ProjectConfigurationPlatforms) = postSolution
		{A46EB9C8-F05B-4284-B67D-F3072ECEF5DF}.Debug|Any CPU.ActiveCfg = Debug|Any CPU
		{A46EB9C8-F05B-4284-B67D-F3072ECEF5DF}.Debug|Any CPU.Build.0 = Debug|Any CPU
		{A46EB9C8-F05B-4284-B67D-F3072ECEF5DF}.Release|Any CPU.ActiveCfg = Release|Any CPU
		{A46EB9C8-F05B-4284-B67D-F3072ECEF5DF}.Release|Any CPU.Build.0 = Release|Any CPU
	EndGlobalSection
	GlobalSection(SolutionProperties) = preSolution
		HideSolutionNode = FALSE
	EndGlobalSection
	GlobalSection(ExtensibilityGlobals) = postSolution
		SolutionGuid = {D0298D3A-1B27-4059-B72C-783428919B19}
	EndGlobalSection
EndGlobal
